
Microsoft Visual Studio Solution File, Format Version 12.00
# Visual Studio Version 17
VisualStudioVersion = 17.10.35122.118
MinimumVisualStudioVersion = 10.0.40219.1
Project("{FAE04EC0-301F-11D3-BF4B-00C04F79EFBC}") = "ViagemOnboarding", "ViagemOnboarding.csproj", "{F2EC91EB-F69A-49A6-8376-29EF0EBA66C3}"
EndProject
Global
	GlobalSection(SolutionConfigurationPlatforms) = preSolution
		Debug|Any CPU = Debug|Any CPU
		Release|Any CPU = Release|Any CPU
	EndGlobalSection
	GlobalSection(ProjectConfigurationPlatforms) = postSolution
		{F2EC91EB-F69A-49A6-8376-29EF0EBA66C3}.Debug|Any CPU.ActiveCfg = Debug|Any CPU
		{F2EC91EB-F69A-49A6-8376-29EF0EBA66C3}.Debug|Any CPU.Build.0 = Debug|Any CPU
		{F2EC91EB-F69A-49A6-8376-29EF0EBA66C3}.Debug|Any CPU.Deploy.0 = Debug|Any CPU
		{F2EC91EB-F69A-49A6-8376-29EF0EBA66C3}.Release|Any CPU.ActiveCfg = Release|Any CPU
		{F2EC91EB-F69A-49A6-8376-29EF0EBA66C3}.Release|Any CPU.Build.0 = Release|Any CPU
		{F2EC91EB-F69A-49A6-8376-29EF0EBA66C3}.Release|Any CPU.Deploy.0 = Release|Any CPU
	EndGlobalSection
	GlobalSection(SolutionProperties) = preSolution
		HideSolutionNode = FALSE
	EndGlobalSection
	GlobalSection(ExtensibilityGlobals) = postSolution
		SolutionGuid = {B1DF8804-D73D-403C-A860-CAE95408CC0F}
	EndGlobalSection
EndGlobal
